# THIS IS AN AUTOGENERATED FILE. DO NOT EDIT THIS FILE DIRECTLY.
# yarn lockfile v1


three-full@^11.3.2:
  version "11.3.2"
  resolved "https://registry.yarnpkg.com/three-full/-/three-full-11.3.2.tgz#9484fe246caf70875ab9941d962b4af944b28b5f"
  integrity sha512-0qv9kLe2bp1ksV3mgjyzWtIBO//U19+RzoyAuSGkSKKYF0M3zxAwWU5L6rRhVj6L/GGlbUb4EHMa8QhcW8/Rtw==

typescript@^3.2.2:
  version "3.2.2"
  resolved "https://registry.yarnpkg.com/typescript/-/typescript-3.2.2.tgz#fe8101c46aa123f8353523ebdcf5730c2ae493e5"
  integrity sha512-VCj5UiSyHBjwfYacmDuc/NOk4QQixbE+Wn7MFJuS0nRuPQbof132Pw4u53dm264O8LPc2MVsc7RJNml5szurkg==
